
Microsoft Visual Studio Solution File, Format Version 12.00
# Visual Studio Version 17
VisualStudioVersion = 17.9.34723.18
MinimumVisualStudioVersion = 10.0.40219.1
Project("{FAE04EC0-301F-11D3-BF4B-00C04F79EFBC}") = "AndroidIAttributeSetBug", "AndroidIAttributeSetBug\AndroidIAttributeSetBug.csproj", "{C90A5F93-5B38-4E1A-B7DE-B38C7A75917E}"
EndProject
Global
	GlobalSection(SolutionConfigurationPlatforms) = preSolution
		Debug|Any CPU = Debug|Any CPU
		Release|Any CPU = Release|Any CPU
	EndGlobalSection
	GlobalSection(ProjectConfigurationPlatforms) = postSolution
		{C90A5F93-5B38-4E1A-B7DE-B38C7A75917E}.Debug|Any CPU.ActiveCfg = Debug|Any CPU
		{C90A5F93-5B38-4E1A-B7DE-B38C7A75917E}.Debug|Any CPU.Build.0 = Debug|Any CPU
		{C90A5F93-5B38-4E1A-B7DE-B38C7A75917E}.Debug|Any CPU.Deploy.0 = Debug|Any CPU
		{C90A5F93-5B38-4E1A-B7DE-B38C7A75917E}.Release|Any CPU.ActiveCfg = Release|Any CPU
		{C90A5F93-5B38-4E1A-B7DE-B38C7A75917E}.Release|Any CPU.Build.0 = Release|Any CPU
		{C90A5F93-5B38-4E1A-B7DE-B38C7A75917E}.Release|Any CPU.Deploy.0 = Release|Any CPU
	EndGlobalSection
	GlobalSection(SolutionProperties) = preSolution
		HideSolutionNode = FALSE
	EndGlobalSection
	GlobalSection(ExtensibilityGlobals) = postSolution
		SolutionGuid = {9B3483AE-6ACC-4FBA-A22C-B50E47B274D9}
	EndGlobalSection
EndGlobal
